// !$*UTF8*$!
{
	archiveVersion = 1;
	classes = {
	};
	objectVersion = 55;
	objects = {

/* Begin PBXBuildFile section */
		3146BF4D287D6F59007A98C7 /* AppDelegate.swift in Sources */ = {isa = PBXBuildFile; fileRef = 3146BF4C287D6F59007A98C7 /* AppDelegate.swift */; };
		3146BF4F287D6F59007A98C7 /* SceneDelegate.swift in Sources */ = {isa = PBXBuildFile; fileRef = 3146BF4E287D6F59007A98C7 /* SceneDelegate.swift */; };
		3146BF51287D6F59007A98C7 /* ViewController.swift in Sources */ = {isa = PBXBuildFile; fileRef = 3146BF50287D6F59007A98C7 /* ViewController.swift */; };
		3146BF54287D6F59007A98C7 /* Main.storyboard in Resources */ = {isa = PBXBuildFile; fileRef = 3146BF52287D6F59007A98C7 /* Main.storyboard */; };
		3146BF56287D6F5B007A98C7 /* Assets.xcassets in Resources */ = {isa = PBXBuildFile; fileRef = 3146BF55287D6F5B007A98C7 /* Assets.xcassets */; };
		3146BF59287D6F5B007A98C7 /* LaunchScreen.storyboard in Resources */ = {isa = PBXBuildFile; fileRef = 3146BF57287D6F5B007A98C7 /* LaunchScreen.storyboard */; };
		3146BF64287D6F5B007A98C7 /* MoyaDemoAppTests.swift in Sources */ = {isa = PBXBuildFile; fileRef = 3146BF63287D6F5B007A98C7 /* MoyaDemoAppTests.swift */; };
		3146BF6E287D6F5B007A98C7 /* MoyaDemoAppUITests.swift in Sources */ = {isa = PBXBuildFile; fileRef = 3146BF6D287D6F5B007A98C7 /* MoyaDemoAppUITests.swift */; };
		3146BF70287D6F5B007A98C7 /* MoyaDemoAppUITestsLaunchTests.swift in Sources */ = {isa = PBXBuildFile; fileRef = 3146BF6F287D6F5B007A98C7 /* MoyaDemoAppUITestsLaunchTests.swift */; };
		31FA44F3287EC08600E8D78D /* Moya in Frameworks */ = {isa = PBXBuildFile; productRef = 31FA44F2287EC08600E8D78D /* Moya */; };
		31FA44F5287EC08600E8D78D /* RxMoya in Frameworks */ = {isa = PBXBuildFile; productRef = 31FA44F4287EC08600E8D78D /* RxMoya */; };
		31FA44F8287EC37000E8D78D /* NetworkLoggerPlugin.swift in Sources */ = {isa = PBXBuildFile; fileRef = 31FA44F7287EC37000E8D78D /* NetworkLoggerPlugin.swift */; };
		AB55F023287F096200BBA8C3 /* Networkable.swift in Sources */ = {isa = PBXBuildFile; fileRef = AB55F022287F096200BBA8C3 /* Networkable.swift */; };
		AB55F025287F0D5600BBA8C3 /* NetworkError.swift in Sources */ = {isa = PBXBuildFile; fileRef = AB55F024287F0D5600BBA8C3 /* NetworkError.swift */; };
		AB55F027287F0F9D00BBA8C3 /* ResponseData.swift in Sources */ = {isa = PBXBuildFile; fileRef = AB55F026287F0F9D00BBA8C3 /* ResponseData.swift */; };
		AB55F029287F16F400BBA8C3 /* BaseTargetType.swift in Sources */ = {isa = PBXBuildFile; fileRef = AB55F028287F16F400BBA8C3 /* BaseTargetType.swift */; };
		AB55F02C287F195B00BBA8C3 /* Encodable.swift in Sources */ = {isa = PBXBuildFile; fileRef = AB55F02B287F195B00BBA8C3 /* Encodable.swift */; };
		AB55F030287F1B3D00BBA8C3 /* ListUserRequest.swift in Sources */ = {isa = PBXBuildFile; fileRef = AB55F02F287F1B3D00BBA8C3 /* ListUserRequest.swift */; };
		AB55F032287F1BBB00BBA8C3 /* ListUserTarget.swift in Sources */ = {isa = PBXBuildFile; fileRef = AB55F031287F1BBB00BBA8C3 /* ListUserTarget.swift */; };
		AB55F035287F1E1100BBA8C3 /* ListUser.swift in Sources */ = {isa = PBXBuildFile; fileRef = AB55F034287F1E1100BBA8C3 /* ListUser.swift */; };
		AB55F037287F1F7F00BBA8C3 /* ListUserAPI.swift in Sources */ = {isa = PBXBuildFile; fileRef = AB55F036287F1F7F00BBA8C3 /* ListUserAPI.swift */; };
/* End PBXBuildFile section */

/* Begin PBXContainerItemProxy section */
		3146BF60287D6F5B007A98C7 /* PBXContainerItemProxy */ = {
			isa = PBXContainerItemProxy;
			containerPortal = 3146BF41287D6F59007A98C7 /* Project object */;
			proxyType = 1;
			remoteGlobalIDString = 3146BF48287D6F59007A98C7;
			remoteInfo = MoyaDemoApp;
		};
		3146BF6A287D6F5B007A98C7 /* PBXContainerItemProxy */ = {
			isa = PBXContainerItemProxy;
			containerPortal = 3146BF41287D6F59007A98C7 /* Project object */;
			proxyType = 1;
			remoteGlobalIDString = 3146BF48287D6F59007A98C7;
			remoteInfo = MoyaDemoApp;
		};
/* End PBXContainerItemProxy section */

/* Begin PBXFileReference section */
		3146BF49287D6F59007A98C7 /* MoyaDemoApp.app */ = {isa = PBXFileReference; explicitFileType = wrapper.application; includeInIndex = 0; path = MoyaDemoApp.app; sourceTree = BUILT_PRODUCTS_DIR; };
		3146BF4C287D6F59007A98C7 /* AppDelegate.swift */ = {isa = PBXFileReference; lastKnownFileType = sourcecode.swift; path = AppDelegate.swift; sourceTree = "<group>"; };
		3146BF4E287D6F59007A98C7 /* SceneDelegate.swift */ = {isa = PBXFileReference; lastKnownFileType = sourcecode.swift; path = SceneDelegate.swift; sourceTree = "<group>"; };
		3146BF50287D6F59007A98C7 /* ViewController.swift */ = {isa = PBXFileReference; lastKnownFileType = sourcecode.swift; path = ViewController.swift; sourceTree = "<group>"; };
		3146BF53287D6F59007A98C7 /* Base */ = {isa = PBXFileReference; lastKnownFileType = file.storyboard; name = Base; path = Base.lproj/Main.storyboard; sourceTree = "<group>"; };
		3146BF55287D6F5B007A98C7 /* Assets.xcassets */ = {isa = PBXFileReference; lastKnownFileType = folder.assetcatalog; path = Assets.xcassets; sourceTree = "<group>"; };
		3146BF58287D6F5B007A98C7 /* Base */ = {isa = PBXFileReference; lastKnownFileType = file.storyboard; name = Base; path = Base.lproj/LaunchScreen.storyboard; sourceTree = "<group>"; };
		3146BF5A287D6F5B007A98C7 /* Info.plist */ = {isa = PBXFileReference; lastKnownFileType = text.plist.xml; path = Info.plist; sourceTree = "<group>"; };
		3146BF5F287D6F5B007A98C7 /* MoyaDemoAppTests.xctest */ = {isa = PBXFileReference; explicitFileType = wrapper.cfbundle; includeInIndex = 0; path = MoyaDemoAppTests.xctest; sourceTree = BUILT_PRODUCTS_DIR; };
		3146BF63287D6F5B007A98C7 /* MoyaDemoAppTests.swift */ = {isa = PBXFileReference; lastKnownFileType = sourcecode.swift; path = MoyaDemoAppTests.swift; sourceTree = "<group>"; };
		3146BF69287D6F5B007A98C7 /* MoyaDemoAppUITests.xctest */ = {isa = PBXFileReference; explicitFileType = wrapper.cfbundle; includeInIndex = 0; path = MoyaDemoAppUITests.xctest; sourceTree = BUILT_PRODUCTS_DIR; };
		3146BF6D287D6F5B007A98C7 /* MoyaDemoAppUITests.swift */ = {isa = PBXFileReference; lastKnownFileType = sourcecode.swift; path = MoyaDemoAppUITests.swift; sourceTree = "<group>"; };
		3146BF6F287D6F5B007A98C7 /* MoyaDemoAppUITestsLaunchTests.swift */ = {isa = PBXFileReference; lastKnownFileType = sourcecode.swift; path = MoyaDemoAppUITestsLaunchTests.swift; sourceTree = "<group>"; };
		31FA44F7287EC37000E8D78D /* NetworkLoggerPlugin.swift */ = {isa = PBXFileReference; lastKnownFileType = sourcecode.swift; path = NetworkLoggerPlugin.swift; sourceTree = "<group>"; };
		AB55F022287F096200BBA8C3 /* Networkable.swift */ = {isa = PBXFileReference; lastKnownFileType = sourcecode.swift; path = Networkable.swift; sourceTree = "<group>"; };
		AB55F024287F0D5600BBA8C3 /* NetworkError.swift */ = {isa = PBXFileReference; lastKnownFileType = sourcecode.swift; path = NetworkError.swift; sourceTree = "<group>"; };
		AB55F026287F0F9D00BBA8C3 /* ResponseData.swift */ = {isa = PBXFileReference; lastKnownFileType = sourcecode.swift; path = ResponseData.swift; sourceTree = "<group>"; };
		AB55F028287F16F400BBA8C3 /* BaseTargetType.swift */ = {isa = PBXFileReference; lastKnownFileType = sourcecode.swift; path = BaseTargetType.swift; sourceTree = "<group>"; };
		AB55F02B287F195B00BBA8C3 /* Encodable.swift */ = {isa = PBXFileReference; lastKnownFileType = sourcecode.swift; path = Encodable.swift; sourceTree = "<group>"; };
		AB55F02F287F1B3D00BBA8C3 /* ListUserRequest.swift */ = {isa = PBXFileReference; lastKnownFileType = sourcecode.swift; path = ListUserRequest.swift; sourceTree = "<group>"; };
		AB55F031287F1BBB00BBA8C3 /* ListUserTarget.swift */ = {isa = PBXFileReference; lastKnownFileType = sourcecode.swift; path = ListUserTarget.swift; sourceTree = "<group>"; };
		AB55F034287F1E1100BBA8C3 /* ListUser.swift */ = {isa = PBXFileReference; lastKnownFileType = sourcecode.swift; path = ListUser.swift; sourceTree = "<group>"; };
		AB55F036287F1F7F00BBA8C3 /* ListUserAPI.swift */ = {isa = PBXFileReference; lastKnownFileType = sourcecode.swift; path = ListUserAPI.swift; sourceTree = "<group>"; };
/* End PBXFileReference section */

/* Begin PBXFrameworksBuildPhase section */
		3146BF46287D6F59007A98C7 /* Frameworks */ = {
			isa = PBXFrameworksBuildPhase;
			buildActionMask = 2147483647;
			files = (
				31FA44F5287EC08600E8D78D /* RxMoya in Frameworks */,
				31FA44F3287EC08600E8D78D /* Moya in Frameworks */,
			);
			runOnlyForDeploymentPostprocessing = 0;
		};
		3146BF5C287D6F5B007A98C7 /* Frameworks */ = {
			isa = PBXFrameworksBuildPhase;
			buildActionMask = 2147483647;
			files = (
			);
			runOnlyForDeploymentPostprocessing = 0;
		};
		3146BF66287D6F5B007A98C7 /* Frameworks */ = {
			isa = PBXFrameworksBuildPhase;
			buildActionMask = 2147483647;
			files = (
			);
			runOnlyForDeploymentPostprocessing = 0;
		};
/* End PBXFrameworksBuildPhase section */

/* Begin PBXGroup section */
		3146BF40287D6F59007A98C7 = {
			isa = PBXGroup;
			children = (
				3146BF4B287D6F59007A98C7 /* MoyaDemoApp */,
				3146BF62287D6F5B007A98C7 /* MoyaDemoAppTests */,
				3146BF6C287D6F5B007A98C7 /* MoyaDemoAppUITests */,
				3146BF4A287D6F59007A98C7 /* Products */,
			);
			sourceTree = "<group>";
		};
		3146BF4A287D6F59007A98C7 /* Products */ = {
			isa = PBXGroup;
			children = (
				3146BF49287D6F59007A98C7 /* MoyaDemoApp.app */,
				3146BF5F287D6F5B007A98C7 /* MoyaDemoAppTests.xctest */,
				3146BF69287D6F5B007A98C7 /* MoyaDemoAppUITests.xctest */,
			);
			name = Products;
			sourceTree = "<group>";
		};
		3146BF4B287D6F59007A98C7 /* MoyaDemoApp */ = {
			isa = PBXGroup;
			children = (
				AB5ADA582886E3FA0060B082 /* Demo2 */,
				AB5ADA572886E3E40060B082 /* Demo1 */,
				3146BF4C287D6F59007A98C7 /* AppDelegate.swift */,
				3146BF4E287D6F59007A98C7 /* SceneDelegate.swift */,
				3146BF50287D6F59007A98C7 /* ViewController.swift */,
				3146BF52287D6F59007A98C7 /* Main.storyboard */,
				3146BF55287D6F5B007A98C7 /* Assets.xcassets */,
				3146BF57287D6F5B007A98C7 /* LaunchScreen.storyboard */,
				3146BF5A287D6F5B007A98C7 /* Info.plist */,
			);
			path = MoyaDemoApp;
			sourceTree = "<group>";
		};
		3146BF62287D6F5B007A98C7 /* MoyaDemoAppTests */ = {
			isa = PBXGroup;
			children = (
				3146BF63287D6F5B007A98C7 /* MoyaDemoAppTests.swift */,
			);
			path = MoyaDemoAppTests;
			sourceTree = "<group>";
		};
		3146BF6C287D6F5B007A98C7 /* MoyaDemoAppUITests */ = {
			isa = PBXGroup;
			children = (
				3146BF6D287D6F5B007A98C7 /* MoyaDemoAppUITests.swift */,
				3146BF6F287D6F5B007A98C7 /* MoyaDemoAppUITestsLaunchTests.swift */,
			);
			path = MoyaDemoAppUITests;
			sourceTree = "<group>";
		};
		31FA44F6287EC34A00E8D78D /* Network */ = {
			isa = PBXGroup;
			children = (
				AB55F02A287F194900BBA8C3 /* Utils */,
				31FA44F7287EC37000E8D78D /* NetworkLoggerPlugin.swift */,
				AB55F024287F0D5600BBA8C3 /* NetworkError.swift */,
				AB55F022287F096200BBA8C3 /* Networkable.swift */,
				AB55F026287F0F9D00BBA8C3 /* ResponseData.swift */,
				AB55F028287F16F400BBA8C3 /* BaseTargetType.swift */,
			);
			path = Network;
			sourceTree = "<group>";
		};
		AB55F02A287F194900BBA8C3 /* Utils */ = {
			isa = PBXGroup;
			children = (
				AB55F02B287F195B00BBA8C3 /* Encodable.swift */,
			);
			path = Utils;
			sourceTree = "<group>";
		};
		AB55F02D287F1AAB00BBA8C3 /* APIs */ = {
			isa = PBXGroup;
			children = (
				AB55F02E287F1AD900BBA8C3 /* ListUser */,
			);
			path = APIs;
			sourceTree = "<group>";
		};
		AB55F02E287F1AD900BBA8C3 /* ListUser */ = {
			isa = PBXGroup;
			children = (
				AB55F02F287F1B3D00BBA8C3 /* ListUserRequest.swift */,
				AB55F031287F1BBB00BBA8C3 /* ListUserTarget.swift */,
				AB55F036287F1F7F00BBA8C3 /* ListUserAPI.swift */,
			);
			path = ListUser;
			sourceTree = "<group>";
		};
		AB55F033287F1E0500BBA8C3 /* Domain */ = {
			isa = PBXGroup;
			children = (
				AB55F034287F1E1100BBA8C3 /* ListUser.swift */,
			);
			path = Domain;
			sourceTree = "<group>";
		};
		AB5ADA572886E3E40060B082 /* Demo1 */ = {
			isa = PBXGroup;
			children = (
				AB55F033287F1E0500BBA8C3 /* Domain */,
				AB55F02D287F1AAB00BBA8C3 /* APIs */,
				31FA44F6287EC34A00E8D78D /* Network */,
			);
			path = Demo1;
			sourceTree = "<group>";
		};
		AB5ADA582886E3FA0060B082 /* Demo2 */ = {
			isa = PBXGroup;
			children = (
			);
			path = Demo2;
			sourceTree = "<group>";
		};
/* End PBXGroup section */

/* Begin PBXNativeTarget section */
		3146BF48287D6F59007A98C7 /* MoyaDemoApp */ = {
			isa = PBXNativeTarget;
			buildConfigurationList = 3146BF73287D6F5B007A98C7 /* Build configuration list for PBXNativeTarget "MoyaDemoApp" */;
			buildPhases = (
				3146BF45287D6F59007A98C7 /* Sources */,
				3146BF46287D6F59007A98C7 /* Frameworks */,
				3146BF47287D6F59007A98C7 /* Resources */,
			);
			buildRules = (
			);
			dependencies = (
			);
			name = MoyaDemoApp;
			packageProductDependencies = (
				31FA44F2287EC08600E8D78D /* Moya */,
				31FA44F4287EC08600E8D78D /* RxMoya */,
			);
			productName = MoyaDemoApp;
			productReference = 3146BF49287D6F59007A98C7 /* MoyaDemoApp.app */;
			productType = "com.apple.product-type.application";
		};
		3146BF5E287D6F5B007A98C7 /* MoyaDemoAppTests */ = {
			isa = PBXNativeTarget;
			buildConfigurationList = 3146BF76287D6F5B007A98C7 /* Build configuration list for PBXNativeTarget "MoyaDemoAppTests" */;
			buildPhases = (
				3146BF5B287D6F5B007A98C7 /* Sources */,
				3146BF5C287D6F5B007A98C7 /* Frameworks */,
				3146BF5D287D6F5B007A98C7 /* Resources */,
			);
			buildRules = (
			);
			dependencies = (
				3146BF61287D6F5B007A98C7 /* PBXTargetDependency */,
			);
			name = MoyaDemoAppTests;
			productName = MoyaDemoAppTests;
			productReference = 3146BF5F287D6F5B007A98C7 /* MoyaDemoAppTests.xctest */;
			productType = "com.apple.product-type.bundle.unit-test";
		};
		3146BF68287D6F5B007A98C7 /* MoyaDemoAppUITests */ = {
			isa = PBXNativeTarget;
			buildConfigurationList = 3146BF79287D6F5B007A98C7 /* Build configuration list for PBXNativeTarget "MoyaDemoAppUITests" */;
			buildPhases = (
				3146BF65287D6F5B007A98C7 /* Sources */,
				3146BF66287D6F5B007A98C7 /* Frameworks */,
				3146BF67287D6F5B007A98C7 /* Resources */,
			);
			buildRules = (
			);
			dependencies = (
				3146BF6B287D6F5B007A98C7 /* PBXTargetDependency */,
			);
			name = MoyaDemoAppUITests;
			productName = MoyaDemoAppUITests;
			productReference = 3146BF69287D6F5B007A98C7 /* MoyaDemoAppUITests.xctest */;
			productType = "com.apple.product-type.bundle.ui-testing";
		};
/* End PBXNativeTarget section */

/* Begin PBXProject section */
		3146BF41287D6F59007A98C7 /* Project object */ = {
			isa = PBXProject;
			attributes = {
				BuildIndependentTargetsInParallel = 1;
				LastSwiftUpdateCheck = 1330;
				LastUpgradeCheck = 1330;
				TargetAttributes = {
					3146BF48287D6F59007A98C7 = {
						CreatedOnToolsVersion = 13.3.1;
					};
					3146BF5E287D6F5B007A98C7 = {
						CreatedOnToolsVersion = 13.3.1;
						TestTargetID = 3146BF48287D6F59007A98C7;
					};
					3146BF68287D6F5B007A98C7 = {
						CreatedOnToolsVersion = 13.3.1;
						TestTargetID = 3146BF48287D6F59007A98C7;
					};
				};
			};
			buildConfigurationList = 3146BF44287D6F59007A98C7 /* Build configuration list for PBXProject "MoyaDemoApp" */;
			compatibilityVersion = "Xcode 13.0";
			developmentRegion = en;
			hasScannedForEncodings = 0;
			knownRegions = (
				en,
				Base,
			);
			mainGroup = 3146BF40287D6F59007A98C7;
			packageReferences = (
				31FA44F0287EC01A00E8D78D /* XCRemoteSwiftPackageReference "Moya" */,
				31FA44F1287EC08600E8D78D /* XCRemoteSwiftPackageReference "Moya" */,
			);
			productRefGroup = 3146BF4A287D6F59007A98C7 /* Products */;
			projectDirPath = "";
			projectRoot = "";
			targets = (
				3146BF48287D6F59007A98C7 /* MoyaDemoApp */,
				3146BF5E287D6F5B007A98C7 /* MoyaDemoAppTests */,
				3146BF68287D6F5B007A98C7 /* MoyaDemoAppUITests */,
			);
		};
/* End PBXProject section */

/* Begin PBXResourcesBuildPhase section */
		3146BF47287D6F59007A98C7 /* Resources */ = {
			isa = PBXResourcesBuildPhase;
			buildActionMask = 2147483647;
			files = (
				3146BF59287D6F5B007A98C7 /* LaunchScreen.storyboard in Resources */,
				3146BF56287D6F5B007A98C7 /* Assets.xcassets in Resources */,
				3146BF54287D6F59007A98C7 /* Main.storyboard in Resources */,
			);
			runOnlyForDeploymentPostprocessing = 0;
		};
		3146BF5D287D6F5B007A98C7 /* Resources */ = {
			isa = PBXResourcesBuildPhase;
			buildActionMask = 2147483647;
			files = (
			);
			runOnlyForDeploymentPostprocessing = 0;
		};
		3146BF67287D6F5B007A98C7 /* Resources */ = {
			isa = PBXResourcesBuildPhase;
			buildActionMask = 2147483647;
			files = (
			);
			runOnlyForDeploymentPostprocessing = 0;
		};
/* End PBXResourcesBuildPhase section */

/* Begin PBXSourcesBuildPhase section */
		3146BF45287D6F59007A98C7 /* Sources */ = {
			isa = PBXSourcesBuildPhase;
			buildActionMask = 2147483647;
			files = (
				3146BF51287D6F59007A98C7 /* ViewController.swift in Sources */,
				AB55F02C287F195B00BBA8C3 /* Encodable.swift in Sources */,
				AB55F027287F0F9D00BBA8C3 /* ResponseData.swift in Sources */,
				31FA44F8287EC37000E8D78D /* NetworkLoggerPlugin.swift in Sources */,
				AB55F035287F1E1100BBA8C3 /* ListUser.swift in Sources */,
				AB55F029287F16F400BBA8C3 /* BaseTargetType.swift in Sources */,
				3146BF4D287D6F59007A98C7 /* AppDelegate.swift in Sources */,
				AB55F025287F0D5600BBA8C3 /* NetworkError.swift in Sources */,
				AB55F023287F096200BBA8C3 /* Networkable.swift in Sources */,
				AB55F037287F1F7F00BBA8C3 /* ListUserAPI.swift in Sources */,
				AB55F032287F1BBB00BBA8C3 /* ListUserTarget.swift in Sources */,
				AB55F030287F1B3D00BBA8C3 /* ListUserRequest.swift in Sources */,
				3146BF4F287D6F59007A98C7 /* SceneDelegate.swift in Sources */,
			);
			runOnlyForDeploymentPostprocessing = 0;
		};
		3146BF5B287D6F5B007A98C7 /* Sources */ = {
			isa = PBXSourcesBuildPhase;
			buildActionMask = 2147483647;
			files = (
				3146BF64287D6F5B007A98C7 /* MoyaDemoAppTests.swift in Sources */,
			);
			runOnlyForDeploymentPostprocessing = 0;
		};
		3146BF65287D6F5B007A98C7 /* Sources */ = {
			isa = PBXSourcesBuildPhase;
			buildActionMask = 2147483647;
			files = (
				3146BF6E287D6F5B007A98C7 /* MoyaDemoAppUITests.swift in Sources */,
				3146BF70287D6F5B007A98C7 /* MoyaDemoAppUITestsLaunchTests.swift in Sources */,
			);
			runOnlyForDeploymentPostprocessing = 0;
		};
/* End PBXSourcesBuildPhase section */

/* Begin PBXTargetDependency section */
		3146BF61287D6F5B007A98C7 /* PBXTargetDependency */ = {
			isa = PBXTargetDependency;
			target = 3146BF48287D6F59007A98C7 /* MoyaDemoApp */;
			targetProxy = 3146BF60287D6F5B007A98C7 /* PBXContainerItemProxy */;
		};
		3146BF6B287D6F5B007A98C7 /* PBXTargetDependency */ = {
			isa = PBXTargetDependency;
			target = 3146BF48287D6F59007A98C7 /* MoyaDemoApp */;
			targetProxy = 3146BF6A287D6F5B007A98C7 /* PBXContainerItemProxy */;
		};
/* End PBXTargetDependency section */

/* Begin PBXVariantGroup section */
		3146BF52287D6F59007A98C7 /* Main.storyboard */ = {
			isa = PBXVariantGroup;
			children = (
				3146BF53287D6F59007A98C7 /* Base */,
			);
			name = Main.storyboard;
			sourceTree = "<group>";
		};
		3146BF57287D6F5B007A98C7 /* LaunchScreen.storyboard */ = {
			isa = PBXVariantGroup;
			children = (
				3146BF58287D6F5B007A98C7 /* Base */,
			);
			name = LaunchScreen.storyboard;
			sourceTree = "<group>";
		};
/* End PBXVariantGroup section */

/* Begin XCBuildConfiguration section */
		3146BF71287D6F5B007A98C7 /* Debug */ = {
			isa = XCBuildConfiguration;
			buildSettings = {
				ALWAYS_SEARCH_USER_PATHS = NO;
				CLANG_ANALYZER_NONNULL = YES;
				CLANG_ANALYZER_NUMBER_OBJECT_CONVERSION = YES_AGGRESSIVE;
				CLANG_CXX_LANGUAGE_STANDARD = "gnu++17";
				CLANG_ENABLE_MODULES = YES;
				CLANG_ENABLE_OBJC_ARC = YES;
				CLANG_ENABLE_OBJC_WEAK = YES;
				CLANG_WARN_BLOCK_CAPTURE_AUTORELEASING = YES;
				CLANG_WARN_BOOL_CONVERSION = YES;
				CLANG_WARN_COMMA = YES;
				CLANG_WARN_CONSTANT_CONVERSION = YES;
				CLANG_WARN_DEPRECATED_OBJC_IMPLEMENTATIONS = YES;
				CLANG_WARN_DIRECT_OBJC_ISA_USAGE = YES_ERROR;
				CLANG_WARN_DOCUMENTATION_COMMENTS = YES;
				CLANG_WARN_EMPTY_BODY = YES;
				CLANG_WARN_ENUM_CONVERSION = YES;
				CLANG_WARN_INFINITE_RECURSION = YES;
				CLANG_WARN_INT_CONVERSION = YES;
				CLANG_WARN_NON_LITERAL_NULL_CONVERSION = YES;
				CLANG_WARN_OBJC_IMPLICIT_RETAIN_SELF = YES;
				CLANG_WARN_OBJC_LITERAL_CONVERSION = YES;
				CLANG_WARN_OBJC_ROOT_CLASS = YES_ERROR;
				CLANG_WARN_QUOTED_INCLUDE_IN_FRAMEWORK_HEADER = YES;
				CLANG_WARN_RANGE_LOOP_ANALYSIS = YES;
				CLANG_WARN_STRICT_PROTOTYPES = YES;
				CLANG_WARN_SUSPICIOUS_MOVE = YES;
				CLANG_WARN_UNGUARDED_AVAILABILITY = YES_AGGRESSIVE;
				CLANG_WARN_UNREACHABLE_CODE = YES;
				CLANG_WARN__DUPLICATE_METHOD_MATCH = YES;
				COPY_PHASE_STRIP = NO;
				DEBUG_INFORMATION_FORMAT = dwarf;
				ENABLE_STRICT_OBJC_MSGSEND = YES;
				ENABLE_TESTABILITY = YES;
				GCC_C_LANGUAGE_STANDARD = gnu11;
				GCC_DYNAMIC_NO_PIC = NO;
				GCC_NO_COMMON_BLOCKS = YES;
				GCC_OPTIMIZATION_LEVEL = 0;
				GCC_PREPROCESSOR_DEFINITIONS = (
					"DEBUG=1",
					"$(inherited)",
				);
				GCC_WARN_64_TO_32_BIT_CONVERSION = YES;
				GCC_WARN_ABOUT_RETURN_TYPE = YES_ERROR;
				GCC_WARN_UNDECLARED_SELECTOR = YES;
				GCC_WARN_UNINITIALIZED_AUTOS = YES_AGGRESSIVE;
				GCC_WARN_UNUSED_FUNCTION = YES;
				GCC_WARN_UNUSED_VARIABLE = YES;
				IPHONEOS_DEPLOYMENT_TARGET = 15.4;
				MTL_ENABLE_DEBUG_INFO = INCLUDE_SOURCE;
				MTL_FAST_MATH = YES;
				ONLY_ACTIVE_ARCH = YES;
				SDKROOT = iphoneos;
				SWIFT_ACTIVE_COMPILATION_CONDITIONS = DEBUG;
				SWIFT_OPTIMIZATION_LEVEL = "-Onone";
			};
			name = Debug;
		};
		3146BF72287D6F5B007A98C7 /* Release */ = {
			isa = XCBuildConfiguration;
			buildSettings = {
				ALWAYS_SEARCH_USER_PATHS = NO;
				CLANG_ANALYZER_NONNULL = YES;
				CLANG_ANALYZER_NUMBER_OBJECT_CONVERSION = YES_AGGRESSIVE;
				CLANG_CXX_LANGUAGE_STANDARD = "gnu++17";
				CLANG_ENABLE_MODULES = YES;
				CLANG_ENABLE_OBJC_ARC = YES;
				CLANG_ENABLE_OBJC_WEAK = YES;
				CLANG_WARN_BLOCK_CAPTURE_AUTORELEASING = YES;
				CLANG_WARN_BOOL_CONVERSION = YES;
				CLANG_WARN_COMMA = YES;
				CLANG_WARN_CONSTANT_CONVERSION = YES;
				CLANG_WARN_DEPRECATED_OBJC_IMPLEMENTATIONS = YES;
				CLANG_WARN_DIRECT_OBJC_ISA_USAGE = YES_ERROR;
				CLANG_WARN_DOCUMENTATION_COMMENTS = YES;
				CLANG_WARN_EMPTY_BODY = YES;
				CLANG_WARN_ENUM_CONVERSION = YES;
				CLANG_WARN_INFINITE_RECURSION = YES;
				CLANG_WARN_INT_CONVERSION = YES;
				CLANG_WARN_NON_LITERAL_NULL_CONVERSION = YES;
				CLANG_WARN_OBJC_IMPLICIT_RETAIN_SELF = YES;
				CLANG_WARN_OBJC_LITERAL_CONVERSION = YES;
				CLANG_WARN_OBJC_ROOT_CLASS = YES_ERROR;
				CLANG_WARN_QUOTED_INCLUDE_IN_FRAMEWORK_HEADER = YES;
				CLANG_WARN_RANGE_LOOP_ANALYSIS = YES;
				CLANG_WARN_STRICT_PROTOTYPES = YES;
				CLANG_WARN_SUSPICIOUS_MOVE = YES;
				CLANG_WARN_UNGUARDED_AVAILABILITY = YES_AGGRESSIVE;
				CLANG_WARN_UNREACHABLE_CODE = YES;
				CLANG_WARN__DUPLICATE_METHOD_MATCH = YES;
				COPY_PHASE_STRIP = NO;
				DEBUG_INFORMATION_FORMAT = "dwarf-with-dsym";
				ENABLE_NS_ASSERTIONS = NO;
				ENABLE_STRICT_OBJC_MSGSEND = YES;
				GCC_C_LANGUAGE_STANDARD = gnu11;
				GCC_NO_COMMON_BLOCKS = YES;
				GCC_WARN_64_TO_32_BIT_CONVERSION = YES;
				GCC_WARN_ABOUT_RETURN_TYPE = YES_ERROR;
				GCC_WARN_UNDECLARED_SELECTOR = YES;
				GCC_WARN_UNINITIALIZED_AUTOS = YES_AGGRESSIVE;
				GCC_WARN_UNUSED_FUNCTION = YES;
				GCC_WARN_UNUSED_VARIABLE = YES;
				IPHONEOS_DEPLOYMENT_TARGET = 15.4;
				MTL_ENABLE_DEBUG_INFO = NO;
				MTL_FAST_MATH = YES;
				SDKROOT = iphoneos;
				SWIFT_COMPILATION_MODE = wholemodule;
				SWIFT_OPTIMIZATION_LEVEL = "-O";
				VALIDATE_PRODUCT = YES;
			};
			name = Release;
		};
		3146BF74287D6F5B007A98C7 /* Debug */ = {
			isa = XCBuildConfiguration;
			buildSettings = {
				ASSETCATALOG_COMPILER_APPICON_NAME = AppIcon;
				ASSETCATALOG_COMPILER_GLOBAL_ACCENT_COLOR_NAME = AccentColor;
				CODE_SIGN_STYLE = Automatic;
				CURRENT_PROJECT_VERSION = 1;
				DEVELOPMENT_TEAM = 9837W6456X;
				GENERATE_INFOPLIST_FILE = YES;
				INFOPLIST_FILE = MoyaDemoApp/Info.plist;
				INFOPLIST_KEY_UIApplicationSupportsIndirectInputEvents = YES;
				INFOPLIST_KEY_UILaunchStoryboardName = LaunchScreen;
				INFOPLIST_KEY_UIMainStoryboardFile = Main;
				INFOPLIST_KEY_UISupportedInterfaceOrientations_iPad = "UIInterfaceOrientationPortrait UIInterfaceOrientationPortraitUpsideDown UIInterfaceOrientationLandscapeLeft UIInterfaceOrientationLandscapeRight";
				INFOPLIST_KEY_UISupportedInterfaceOrientations_iPhone = "UIInterfaceOrientationPortrait UIInterfaceOrientationLandscapeLeft UIInterfaceOrientationLandscapeRight";
				LD_RUNPATH_SEARCH_PATHS = (
					"$(inherited)",
					"@executable_path/Frameworks",
				);
				MARKETING_VERSION = 1.0;
				PRODUCT_BUNDLE_IDENTIFIER = unitTest.MoyaDemoApp;
				PRODUCT_NAME = "$(TARGET_NAME)";
				SWIFT_EMIT_LOC_STRINGS = YES;
				SWIFT_VERSION = 5.0;
				TARGETED_DEVICE_FAMILY = "1,2";
			};
			name = Debug;
		};
		3146BF75287D6F5B007A98C7 /* Release */ = {
			isa = XCBuildConfiguration;
			buildSettings = {
				ASSETCATALOG_COMPILER_APPICON_NAME = AppIcon;
				ASSETCATALOG_COMPILER_GLOBAL_ACCENT_COLOR_NAME = AccentColor;
				CODE_SIGN_STYLE = Automatic;
				CURRENT_PROJECT_VERSION = 1;
				DEVELOPMENT_TEAM = 9837W6456X;
				GENERATE_INFOPLIST_FILE = YES;
				INFOPLIST_FILE = MoyaDemoApp/Info.plist;
				INFOPLIST_KEY_UIApplicationSupportsIndirectInputEvents = YES;
				INFOPLIST_KEY_UILaunchStoryboardName = LaunchScreen;
				INFOPLIST_KEY_UIMainStoryboardFile = Main;
				INFOPLIST_KEY_UISupportedInterfaceOrientations_iPad = "UIInterfaceOrientationPortrait UIInterfaceOrientationPortraitUpsideDown UIInterfaceOrientationLandscapeLeft UIInterfaceOrientationLandscapeRight";
				INFOPLIST_KEY_UISupportedInterfaceOrientations_iPhone = "UIInterfaceOrientationPortrait UIInterfaceOrientationLandscapeLeft UIInterfaceOrientationLandscapeRight";
				LD_RUNPATH_SEARCH_PATHS = (
					"$(inherited)",
					"@executable_path/Frameworks",
				);
				MARKETING_VERSION = 1.0;
				PRODUCT_BUNDLE_IDENTIFIER = unitTest.MoyaDemoApp;
				PRODUCT_NAME = "$(TARGET_NAME)";
				SWIFT_EMIT_LOC_STRINGS = YES;
				SWIFT_VERSION = 5.0;
				TARGETED_DEVICE_FAMILY = "1,2";
			};
			name = Release;
		};
		3146BF77287D6F5B007A98C7 /* Debug */ = {
			isa = XCBuildConfiguration;
			buildSettings = {
				ALWAYS_EMBED_SWIFT_STANDARD_LIBRARIES = YES;
				BUNDLE_LOADER = "$(TEST_HOST)";
				CODE_SIGN_STYLE = Automatic;
				CURRENT_PROJECT_VERSION = 1;
				DEVELOPMENT_TEAM = 9837W6456X;
				GENERATE_INFOPLIST_FILE = YES;
				IPHONEOS_DEPLOYMENT_TARGET = 15.4;
				MARKETING_VERSION = 1.0;
				PRODUCT_BUNDLE_IDENTIFIER = unitTest.MoyaDemoAppTests;
				PRODUCT_NAME = "$(TARGET_NAME)";
				SWIFT_EMIT_LOC_STRINGS = NO;
				SWIFT_VERSION = 5.0;
				TARGETED_DEVICE_FAMILY = "1,2";
				TEST_HOST = "$(BUILT_PRODUCTS_DIR)/MoyaDemoApp.app/MoyaDemoApp";
			};
			name = Debug;
		};
		3146BF78287D6F5B007A98C7 /* Release */ = {
			isa = XCBuildConfiguration;
			buildSettings = {
				ALWAYS_EMBED_SWIFT_STANDARD_LIBRARIES = YES;
				BUNDLE_LOADER = "$(TEST_HOST)";
				CODE_SIGN_STYLE = Automatic;
				CURRENT_PROJECT_VERSION = 1;
				DEVELOPMENT_TEAM = 9837W6456X;
				GENERATE_INFOPLIST_FILE = YES;
				IPHONEOS_DEPLOYMENT_TARGET = 15.4;
				MARKETING_VERSION = 1.0;
				PRODUCT_BUNDLE_IDENTIFIER = unitTest.MoyaDemoAppTests;
				PRODUCT_NAME = "$(TARGET_NAME)";
				SWIFT_EMIT_LOC_STRINGS = NO;
				SWIFT_VERSION = 5.0;
				TARGETED_DEVICE_FAMILY = "1,2";
				TEST_HOST = "$(BUILT_PRODUCTS_DIR)/MoyaDemoApp.app/MoyaDemoApp";
			};
			name = Release;
		};
		3146BF7A287D6F5B007A98C7 /* Debug */ = {
			isa = XCBuildConfiguration;
			buildSettings = {
				ALWAYS_EMBED_SWIFT_STANDARD_LIBRARIES = YES;
				CODE_SIGN_STYLE = Automatic;
				CURRENT_PROJECT_VERSION = 1;
				DEVELOPMENT_TEAM = 9837W6456X;
				GENERATE_INFOPLIST_FILE = YES;
				MARKETING_VERSION = 1.0;
				PRODUCT_BUNDLE_IDENTIFIER = unitTest.MoyaDemoAppUITests;
				PRODUCT_NAME = "$(TARGET_NAME)";
				SWIFT_EMIT_LOC_STRINGS = NO;
				SWIFT_VERSION = 5.0;
				TARGETED_DEVICE_FAMILY = "1,2";
				TEST_TARGET_NAME = MoyaDemoApp;
			};
			name = Debug;
		};
		3146BF7B287D6F5B007A98C7 /* Release */ = {
			isa = XCBuildConfiguration;
			buildSettings = {
				ALWAYS_EMBED_SWIFT_STANDARD_LIBRARIES = YES;
				CODE_SIGN_STYLE = Automatic;
				CURRENT_PROJECT_VERSION = 1;
				DEVELOPMENT_TEAM = 9837W6456X;
				GENERATE_INFOPLIST_FILE = YES;
				MARKETING_VERSION = 1.0;
				PRODUCT_BUNDLE_IDENTIFIER = unitTest.MoyaDemoAppUITests;
				PRODUCT_NAME = "$(TARGET_NAME)";
				SWIFT_EMIT_LOC_STRINGS = NO;
				SWIFT_VERSION = 5.0;
				TARGETED_DEVICE_FAMILY = "1,2";
				TEST_TARGET_NAME = MoyaDemoApp;
			};
			name = Release;
		};
/* End XCBuildConfiguration section */

/* Begin XCConfigurationList section */
		3146BF44287D6F59007A98C7 /* Build configuration list for PBXProject "MoyaDemoApp" */ = {
			isa = XCConfigurationList;
			buildConfigurations = (
				3146BF71287D6F5B007A98C7 /* Debug */,
				3146BF72287D6F5B007A98C7 /* Release */,
			);
			defaultConfigurationIsVisible = 0;
			defaultConfigurationName = Release;
		};
		3146BF73287D6F5B007A98C7 /* Build configuration list for PBXNativeTarget "MoyaDemoApp" */ = {
			isa = XCConfigurationList;
			buildConfigurations = (
				3146BF74287D6F5B007A98C7 /* Debug */,
				3146BF75287D6F5B007A98C7 /* Release */,
			);
			defaultConfigurationIsVisible = 0;
			defaultConfigurationName = Release;
		};
		3146BF76287D6F5B007A98C7 /* Build configuration list for PBXNativeTarget "MoyaDemoAppTests" */ = {
			isa = XCConfigurationList;
			buildConfigurations = (
				3146BF77287D6F5B007A98C7 /* Debug */,
				3146BF78287D6F5B007A98C7 /* Release */,
			);
			defaultConfigurationIsVisible = 0;
			defaultConfigurationName = Release;
		};
		3146BF79287D6F5B007A98C7 /* Build configuration list for PBXNativeTarget "MoyaDemoAppUITests" */ = {
			isa = XCConfigurationList;
			buildConfigurations = (
				3146BF7A287D6F5B007A98C7 /* Debug */,
				3146BF7B287D6F5B007A98C7 /* Release */,
			);
			defaultConfigurationIsVisible = 0;
			defaultConfigurationName = Release;
		};
/* End XCConfigurationList section */

/* Begin XCRemoteSwiftPackageReference section */
		31FA44F0287EC01A00E8D78D /* XCRemoteSwiftPackageReference "Moya" */ = {
			isa = XCRemoteSwiftPackageReference;
			repositoryURL = "https://github.com/Moya/Moya.git";
			requirement = {
				kind = upToNextMajorVersion;
				minimumVersion = 9.0.0;
			};
		};
		31FA44F1287EC08600E8D78D /* XCRemoteSwiftPackageReference "Moya" */ = {
			isa = XCRemoteSwiftPackageReference;
			repositoryURL = "https://github.com/Moya/Moya.git";
			requirement = {
				branch = master;
				kind = branch;
			};
		};
/* End XCRemoteSwiftPackageReference section */

/* Begin XCSwiftPackageProductDependency section */
		31FA44F2287EC08600E8D78D /* Moya */ = {
			isa = XCSwiftPackageProductDependency;
			package = 31FA44F1287EC08600E8D78D /* XCRemoteSwiftPackageReference "Moya" */;
			productName = Moya;
		};
		31FA44F4287EC08600E8D78D /* RxMoya */ = {
			isa = XCSwiftPackageProductDependency;
			package = 31FA44F1287EC08600E8D78D /* XCRemoteSwiftPackageReference "Moya" */;
			productName = RxMoya;
		};
/* End XCSwiftPackageProductDependency section */
	};
	rootObject = 3146BF41287D6F59007A98C7 /* Project object */;
}
